
Microsoft Visual Studio Solution File, Format Version 12.00
# Visual Studio 15
VisualStudioVersion = 15.0.26205.0
MinimumVisualStudioVersion = 10.0.40219.1
Project("{FAE04EC0-301F-11D3-BF4B-00C04F79EFBC}") = "WindowsScript.ProjectType", "WindowsScript\WindowsScript.ProjectType\WindowsScript.ProjectType.csproj", "{D14ED547-03FF-4195-A5A0-2107C033C2EF}"
EndProject
Project("{FAE04EC0-301F-11D3-BF4B-00C04F79EFBC}") = "WindowsScript.ProjectTemplate", "WindowsScript\WindowsScript.ProjectTemplate\WindowsScript.ProjectTemplate.csproj", "{651EBED8-058E-4104-A3B5-2E06330822F2}"
EndProject
Global
	GlobalSection(SolutionConfigurationPlatforms) = preSolution
		Debug|Any CPU = Debug|Any CPU
		Release|Any CPU = Release|Any CPU
	EndGlobalSection
	GlobalSection(ProjectConfigurationPlatforms) = postSolution
		{D14ED547-03FF-4195-A5A0-2107C033C2EF}.Debug|Any CPU.ActiveCfg = Debug|Any CPU
		{D14ED547-03FF-4195-A5A0-2107C033C2EF}.Debug|Any CPU.Build.0 = Debug|Any CPU
		{D14ED547-03FF-4195-A5A0-2107C033C2EF}.Release|Any CPU.ActiveCfg = Release|Any CPU
		{D14ED547-03FF-4195-A5A0-2107C033C2EF}.Release|Any CPU.Build.0 = Release|Any CPU
		{651EBED8-058E-4104-A3B5-2E06330822F2}.Debug|Any CPU.ActiveCfg = Debug|Any CPU
		{651EBED8-058E-4104-A3B5-2E06330822F2}.Debug|Any CPU.Build.0 = Debug|Any CPU
		{651EBED8-058E-4104-A3B5-2E06330822F2}.Release|Any CPU.ActiveCfg = Release|Any CPU
		{651EBED8-058E-4104-A3B5-2E06330822F2}.Release|Any CPU.Build.0 = Release|Any CPU
	EndGlobalSection
	GlobalSection(SolutionProperties) = preSolution
		HideSolutionNode = FALSE
	EndGlobalSection
EndGlobal
