
Microsoft Visual Studio Solution File, Format Version 12.00
# Visual Studio Version 17
VisualStudioVersion = 17.8.34316.72
MinimumVisualStudioVersion = 10.0.40219.1
Project("{9A19103F-16F7-4668-BE54-9A1E7A4F7556}") = "CpsExtension.Nuget", "CpsExtension.Nuget\CpsExtension.Nuget.csproj", "{9F9DD63D-AA68-4F9E-BE6C-88707A5BCD46}"
EndProject
Project("{9A19103F-16F7-4668-BE54-9A1E7A4F7556}") = "CpsExtension.Vsix", "CpsExtension.Vsix\CpsExtension.Vsix.csproj", "{0E3E2F1F-98E9-40D5-9626-D4ACA5E9A498}"
EndProject
Project("{2150E333-8FDC-42A3-9474-1A3956D46DE8}") = "Solution Items", "Solution Items", "{82FAA790-2392-48AC-A268-24F4D11014F1}"
	ProjectSection(SolutionItems) = preProject
		README.md = README.md
	EndProjectSection
EndProject
Global
	GlobalSection(SolutionConfigurationPlatforms) = preSolution
		Debug|Any CPU = Debug|Any CPU
		Release|Any CPU = Release|Any CPU
	EndGlobalSection
	GlobalSection(ProjectConfigurationPlatforms) = postSolution
		{9F9DD63D-AA68-4F9E-BE6C-88707A5BCD46}.Debug|Any CPU.ActiveCfg = Debug|Any CPU
		{9F9DD63D-AA68-4F9E-BE6C-88707A5BCD46}.Debug|Any CPU.Build.0 = Debug|Any CPU
		{9F9DD63D-AA68-4F9E-BE6C-88707A5BCD46}.Release|Any CPU.ActiveCfg = Release|Any CPU
		{9F9DD63D-AA68-4F9E-BE6C-88707A5BCD46}.Release|Any CPU.Build.0 = Release|Any CPU
		{0E3E2F1F-98E9-40D5-9626-D4ACA5E9A498}.Debug|Any CPU.ActiveCfg = Debug|Any CPU
		{0E3E2F1F-98E9-40D5-9626-D4ACA5E9A498}.Debug|Any CPU.Build.0 = Debug|Any CPU
		{0E3E2F1F-98E9-40D5-9626-D4ACA5E9A498}.Release|Any CPU.ActiveCfg = Release|Any CPU
		{0E3E2F1F-98E9-40D5-9626-D4ACA5E9A498}.Release|Any CPU.Build.0 = Release|Any CPU
	EndGlobalSection
	GlobalSection(SolutionProperties) = preSolution
		HideSolutionNode = FALSE
	EndGlobalSection
	GlobalSection(ExtensibilityGlobals) = postSolution
		SolutionGuid = {403A3D6E-C198-4DC2-968C-41E5C8A65D33}
	EndGlobalSection
EndGlobal
